{
    "name": "examples",
    "version": "1.0.0",
    "lockfileVersion": 3,
    "requires": true,
    "packages": {
        "": {
            "name": "examples",
            "version": "1.0.0",
            "license": "ISC",
            "dependencies": {
                "@codeverify/autoload": "file:../packages/autoload",
                "@codeverify/eslint": "file:../packages/lsp-eslint",
                "@codeverify/pyright": "file:../packages/lsp-pyright",
                "@codeverify/rust": "file:../packages/lsp-rust",
                "@codeverify/zls": "file:../packages/lsp-zls",
                "codeverify": "file:../packages/core"
            }
        },
        "../packages/autoload": {
            "name": "@codeverify/autoload",
            "version": "1.0.0",
            "license": "ISC",
            "peerDependencies": {
                "codeverify": ">=0.1.0"
            }
        },
        "../packages/core": {
            "name": "codeverify",
            "version": "0.1.0",
            "license": "ISC"
        },
        "../packages/lsp-eslint": {
            "name": "@codeverify/eslint",
            "version": "1.0.0",
            "license": "ISC",
            "dependencies": {
                "eslint": "^10.0.0"
            }
        },
        "../packages/lsp-pyright": {
            "name": "@codeverify/pyright",
            "version": "1.0.0",
            "license": "ISC"
        },
        "../packages/lsp-rust": {
            "name": "@codeverify/rust",
            "version": "1.0.0",
            "license": "ISC",
            "dependencies": {
                "@codeverify/normalizer": "file:../normalizer"
            }
        },
        "../packages/lsp-zls": {
            "name": "@codeverify/zls",
            "version": "1.0.0",
            "license": "ISC",
            "dependencies": {
                "@codeverify/normalizer": "file:../normalizer"
            }
        },
        "node_modules/@codeverify/autoload": {
            "resolved": "../packages/autoload",
            "link": true
        },
        "node_modules/@codeverify/eslint": {
            "resolved": "../packages/lsp-eslint",
            "link": true
        },
        "node_modules/@codeverify/pyright": {
            "resolved": "../packages/lsp-pyright",
            "link": true
        },
        "node_modules/@codeverify/rust": {
            "resolved": "../packages/lsp-rust",
            "link": true
        },
        "node_modules/@codeverify/zls": {
            "resolved": "../packages/lsp-zls",
            "link": true
        },
        "node_modules/codeverify": {
            "resolved": "../packages/core",
            "link": true
        }
    }
}
