{
    "name": "examples",
    "version": "1.0.0",
    "lockfileVersion": 3,
    "requires": true,
    "packages": {
        "": {
            "name": "examples",
            "version": "1.0.0",
            "license": "ISC",
            "dependencies": {
                "@codeverify/eslint": "file:../packages/lsp-eslint",
                "@codeverify/zls": "file:../packages/lsp-zls",
                "codeverify": "file:../packages/core"
            }
        },
        "../packages/core": {
            "name": "codeverify",
            "version": "0.1.0",
            "license": "ISC"
        },
        "../packages/lsp-eslint": {
            "name": "@codeverify/eslint",
            "version": "1.0.0",
            "license": "ISC",
            "dependencies": {
                "eslint": "^10.3.0"
            }
        },
        "../packages/lsp-zls": {
            "name": "@codeverify/zls",
            "version": "1.0.0",
            "license": "ISC",
            "dependencies": {
                "@codeverify/normalizer": "file:../normalizer"
            }
        },
        "node_modules/@codeverify/eslint": {
            "resolved": "../packages/lsp-eslint",
            "link": true
        },
        "node_modules/@codeverify/zls": {
            "resolved": "../packages/lsp-zls",
            "link": true
        },
        "node_modules/codeverify": {
            "resolved": "../packages/core",
            "link": true
        }
    }
}
